
Microsoft Visual Studio Solution File, Format Version 12.00
# Visual Studio Version 17
VisualStudioVersion = 17.3.32819.101
MinimumVisualStudioVersion = 10.0.40219.1
Project("{FAE04EC0-301F-11D3-BF4B-00C04F79EFBC}") = "Actividad 8 - Imágenes en C sharp", "Actividad 8 - Imágenes en C sharp\Actividad 8 - Imágenes en C sharp.csproj", "{46FFBE4C-AD4D-4B39-A807-C9017F9A855E}"
EndProject
Global
	GlobalSection(SolutionConfigurationPlatforms) = preSolution
		Debug|Any CPU = Debug|Any CPU
		Release|Any CPU = Release|Any CPU
	EndGlobalSection
	GlobalSection(ProjectConfigurationPlatforms) = postSolution
		{46FFBE4C-AD4D-4B39-A807-C9017F9A855E}.Debug|Any CPU.ActiveCfg = Debug|Any CPU
		{46FFBE4C-AD4D-4B39-A807-C9017F9A855E}.Debug|Any CPU.Build.0 = Debug|Any CPU
		{46FFBE4C-AD4D-4B39-A807-C9017F9A855E}.Release|Any CPU.ActiveCfg = Release|Any CPU
		{46FFBE4C-AD4D-4B39-A807-C9017F9A855E}.Release|Any CPU.Build.0 = Release|Any CPU
	EndGlobalSection
	GlobalSection(SolutionProperties) = preSolution
		HideSolutionNode = FALSE
	EndGlobalSection
	GlobalSection(ExtensibilityGlobals) = postSolution
		SolutionGuid = {2402AFE4-1B1A-4144-89A5-5E26E029C7C2}
	EndGlobalSection
EndGlobal
